
Microsoft Visual Studio Solution File, Format Version 12.00
# Visual Studio 15
Project("{9A19103F-16F7-4668-BE54-9A1E7A4F7556}") = "BestPracticeChecker", "src\BestPracticeChecker\BestPracticeChecker.csproj", "{A0728C97-E1F1-48A2-BC54-2535D0F1454D}"
EndProject
Project("{FAE04EC0-301F-11D3-BF4B-00C04F79EFBC}") = "BestPracticeChecker.Vsix", "src\BestPracticeChecker.Vsix\BestPracticeChecker.Vsix.csproj", "{3CF664FF-1B84-42E0-B87B-5C6CF28C880B}"
EndProject
Global
	GlobalSection(SolutionConfigurationPlatforms) = preSolution
		Debug|Any CPU = Debug|Any CPU
		Release|Any CPU = Release|Any CPU
	EndGlobalSection
	GlobalSection(ProjectConfigurationPlatforms) = postSolution
    {A0728C97-E1F1-48A2-BC54-2535D0F1454D}.Debug|Any CPU.ActiveCfg = Debug|Any CPU
		{A0728C97-E1F1-48A2-BC54-2535D0F1454D}.Debug|Any CPU.Build.0 = Debug|Any CPU
		{A0728C97-E1F1-48A2-BC54-2535D0F1454D}.Release|Any CPU.ActiveCfg = Release|Any CPU
		{A0728C97-E1F1-48A2-BC54-2535D0F1454D}.Release|Any CPU.Build.0 = Release|Any CPU
		{3CF664FF-1B84-42E0-B87B-5C6CF28C880B}.Debug|Any CPU.ActiveCfg = Debug|Any CPU
		{3CF664FF-1B84-42E0-B87B-5C6CF28C880B}.Debug|Any CPU.Build.0 = Debug|Any CPU
		{3CF664FF-1B84-42E0-B87B-5C6CF28C880B}.Release|Any CPU.ActiveCfg = Release|Any CPU
		{3CF664FF-1B84-42E0-B87B-5C6CF28C880B}.Release|Any CPU.Build.0 = Release|Any CPU
	EndGlobalSection
EndGlobal
